// !$*UTF8*$!
{
	archiveVersion = 1;
	classes = {
	};
	objectVersion = 51;
	objects = {

/* Begin PBXBuildFile section */
		5184AC6C26035697002D00C1 /* AppDelegate.swift in Sources */ = {isa = PBXBuildFile; fileRef = 5184AC6B26035697002D00C1 /* AppDelegate.swift */; };
		5184AC6E26035697002D00C1 /* SceneDelegate.swift in Sources */ = {isa = PBXBuildFile; fileRef = 5184AC6D26035697002D00C1 /* SceneDelegate.swift */; };
		5184AC7326035697002D00C1 /* Main.storyboard in Resources */ = {isa = PBXBuildFile; fileRef = 5184AC7126035697002D00C1 /* Main.storyboard */; };
		5184AC7526035698002D00C1 /* Assets.xcassets in Resources */ = {isa = PBXBuildFile; fileRef = 5184AC7426035698002D00C1 /* Assets.xcassets */; };
		5184AC7826035698002D00C1 /* LaunchScreen.storyboard in Resources */ = {isa = PBXBuildFile; fileRef = 5184AC7626035698002D00C1 /* LaunchScreen.storyboard */; };
		5184AC8326035699002D00C1 /* ParstagramAppTests.swift in Sources */ = {isa = PBXBuildFile; fileRef = 5184AC8226035699002D00C1 /* ParstagramAppTests.swift */; };
		5184AC8E26035699002D00C1 /* ParstagramAppUITests.swift in Sources */ = {isa = PBXBuildFile; fileRef = 5184AC8D26035699002D00C1 /* ParstagramAppUITests.swift */; };
		5184ACB726036421002D00C1 /* LoginViewController.swift in Sources */ = {isa = PBXBuildFile; fileRef = 5184ACB626036421002D00C1 /* LoginViewController.swift */; };
		5184ACBC26036432002D00C1 /* FeedViewController.swift in Sources */ = {isa = PBXBuildFile; fileRef = 5184ACBB26036432002D00C1 /* FeedViewController.swift */; };
		5184ACD326039E36002D00C1 /* CameraViewController.swift in Sources */ = {isa = PBXBuildFile; fileRef = 5184ACD226039E36002D00C1 /* CameraViewController.swift */; };
		5184ACF92603E06B002D00C1 /* PostCell.swift in Sources */ = {isa = PBXBuildFile; fileRef = 5184ACF82603E06B002D00C1 /* PostCell.swift */; };
		51D8657A260DFE470020F251 /* CommentCell.swift in Sources */ = {isa = PBXBuildFile; fileRef = 51D86579260DFE470020F251 /* CommentCell.swift */; };
		6CBBF658C5F8C277BB3EAF42 /* Pods_ParstagramAppTests.framework in Frameworks */ = {isa = PBXBuildFile; fileRef = 8B6F6022E5B8607C4C2EB4CA /* Pods_ParstagramAppTests.framework */; };
		C112BF3BC8A1CB23AA233845 /* Pods_ParstagramApp.framework in Frameworks */ = {isa = PBXBuildFile; fileRef = 77497F2424BF6F9903C8EEDC /* Pods_ParstagramApp.framework */; };
		D507E1D4D60EEEFCC6E61932 /* Pods_ParstagramApp_ParstagramAppUITests.framework in Frameworks */ = {isa = PBXBuildFile; fileRef = 07A271DE7F7210E5BD53A485 /* Pods_ParstagramApp_ParstagramAppUITests.framework */; };
/* End PBXBuildFile section */

/* Begin PBXContainerItemProxy section */
		5184AC7F26035699002D00C1 /* PBXContainerItemProxy */ = {
			isa = PBXContainerItemProxy;
			containerPortal = 5184AC6026035697002D00C1 /* Project object */;
			proxyType = 1;
			remoteGlobalIDString = 5184AC6726035697002D00C1;
			remoteInfo = ParstagramApp;
		};
		5184AC8A26035699002D00C1 /* PBXContainerItemProxy */ = {
			isa = PBXContainerItemProxy;
			containerPortal = 5184AC6026035697002D00C1 /* Project object */;
			proxyType = 1;
			remoteGlobalIDString = 5184AC6726035697002D00C1;
			remoteInfo = ParstagramApp;
		};
/* End PBXContainerItemProxy section */

/* Begin PBXFileReference section */
		07A271DE7F7210E5BD53A485 /* Pods_ParstagramApp_ParstagramAppUITests.framework */ = {isa = PBXFileReference; explicitFileType = wrapper.framework; includeInIndex = 0; path = Pods_ParstagramApp_ParstagramAppUITests.framework; sourceTree = BUILT_PRODUCTS_DIR; };
		0B20A241DB3BB8092DD44D01 /* Pods-ParstagramAppTests.release.xcconfig */ = {isa = PBXFileReference; includeInIndex = 1; lastKnownFileType = text.xcconfig; name = "Pods-ParstagramAppTests.release.xcconfig"; path = "Target Support Files/Pods-ParstagramAppTests/Pods-ParstagramAppTests.release.xcconfig"; sourceTree = "<group>"; };
		3BC82682A5AD46EB21E92C71 /* Pods-ParstagramApp.debug.xcconfig */ = {isa = PBXFileReference; includeInIndex = 1; lastKnownFileType = text.xcconfig; name = "Pods-ParstagramApp.debug.xcconfig"; path = "Target Support Files/Pods-ParstagramApp/Pods-ParstagramApp.debug.xcconfig"; sourceTree = "<group>"; };
		4AC92EE602EDA60A52DB7C2E /* Pods-ParstagramApp-ParstagramAppUITests.release.xcconfig */ = {isa = PBXFileReference; includeInIndex = 1; lastKnownFileType = text.xcconfig; name = "Pods-ParstagramApp-ParstagramAppUITests.release.xcconfig"; path = "Target Support Files/Pods-ParstagramApp-ParstagramAppUITests/Pods-ParstagramApp-ParstagramAppUITests.release.xcconfig"; sourceTree = "<group>"; };
		5184AC6826035697002D00C1 /* ParstagramApp.app */ = {isa = PBXFileReference; explicitFileType = wrapper.application; includeInIndex = 0; path = ParstagramApp.app; sourceTree = BUILT_PRODUCTS_DIR; };
		5184AC6B26035697002D00C1 /* AppDelegate.swift */ = {isa = PBXFileReference; lastKnownFileType = sourcecode.swift; path = AppDelegate.swift; sourceTree = "<group>"; };
		5184AC6D26035697002D00C1 /* SceneDelegate.swift */ = {isa = PBXFileReference; lastKnownFileType = sourcecode.swift; path = SceneDelegate.swift; sourceTree = "<group>"; };
		5184AC7226035697002D00C1 /* Base */ = {isa = PBXFileReference; lastKnownFileType = file.storyboard; name = Base; path = Base.lproj/Main.storyboard; sourceTree = "<group>"; };
		5184AC7426035698002D00C1 /* Assets.xcassets */ = {isa = PBXFileReference; lastKnownFileType = folder.assetcatalog; path = Assets.xcassets; sourceTree = "<group>"; };
		5184AC7726035698002D00C1 /* Base */ = {isa = PBXFileReference; lastKnownFileType = file.storyboard; name = Base; path = Base.lproj/LaunchScreen.storyboard; sourceTree = "<group>"; };
		5184AC7926035698002D00C1 /* Info.plist */ = {isa = PBXFileReference; lastKnownFileType = text.plist.xml; path = Info.plist; sourceTree = "<group>"; };
		5184AC7E26035699002D00C1 /* ParstagramAppTests.xctest */ = {isa = PBXFileReference; explicitFileType = wrapper.cfbundle; includeInIndex = 0; path = ParstagramAppTests.xctest; sourceTree = BUILT_PRODUCTS_DIR; };
		5184AC8226035699002D00C1 /* ParstagramAppTests.swift */ = {isa = PBXFileReference; lastKnownFileType = sourcecode.swift; path = ParstagramAppTests.swift; sourceTree = "<group>"; };
		5184AC8426035699002D00C1 /* Info.plist */ = {isa = PBXFileReference; lastKnownFileType = text.plist.xml; path = Info.plist; sourceTree = "<group>"; };
		5184AC8926035699002D00C1 /* ParstagramAppUITests.xctest */ = {isa = PBXFileReference; explicitFileType = wrapper.cfbundle; includeInIndex = 0; path = ParstagramAppUITests.xctest; sourceTree = BUILT_PRODUCTS_DIR; };
		5184AC8D26035699002D00C1 /* ParstagramAppUITests.swift */ = {isa = PBXFileReference; lastKnownFileType = sourcecode.swift; path = ParstagramAppUITests.swift; sourceTree = "<group>"; };
		5184AC8F26035699002D00C1 /* Info.plist */ = {isa = PBXFileReference; lastKnownFileType = text.plist.xml; path = Info.plist; sourceTree = "<group>"; };
		5184ACB626036421002D00C1 /* LoginViewController.swift */ = {isa = PBXFileReference; lastKnownFileType = sourcecode.swift; path = LoginViewController.swift; sourceTree = "<group>"; };
		5184ACBB26036432002D00C1 /* FeedViewController.swift */ = {isa = PBXFileReference; lastKnownFileType = sourcecode.swift; path = FeedViewController.swift; sourceTree = "<group>"; };
		5184ACD226039E36002D00C1 /* CameraViewController.swift */ = {isa = PBXFileReference; lastKnownFileType = sourcecode.swift; path = CameraViewController.swift; sourceTree = "<group>"; };
		5184ACF82603E06B002D00C1 /* PostCell.swift */ = {isa = PBXFileReference; lastKnownFileType = sourcecode.swift; path = PostCell.swift; sourceTree = "<group>"; };
		51D86579260DFE470020F251 /* CommentCell.swift */ = {isa = PBXFileReference; lastKnownFileType = sourcecode.swift; path = CommentCell.swift; sourceTree = "<group>"; };
		5428ACD684B6CF2B9C834BD1 /* Pods-ParstagramApp.release.xcconfig */ = {isa = PBXFileReference; includeInIndex = 1; lastKnownFileType = text.xcconfig; name = "Pods-ParstagramApp.release.xcconfig"; path = "Target Support Files/Pods-ParstagramApp/Pods-ParstagramApp.release.xcconfig"; sourceTree = "<group>"; };
		61A1C2BBF9177223AD24C4E9 /* Pods-ParstagramApp-ParstagramAppUITests.debug.xcconfig */ = {isa = PBXFileReference; includeInIndex = 1; lastKnownFileType = text.xcconfig; name = "Pods-ParstagramApp-ParstagramAppUITests.debug.xcconfig"; path = "Target Support Files/Pods-ParstagramApp-ParstagramAppUITests/Pods-ParstagramApp-ParstagramAppUITests.debug.xcconfig"; sourceTree = "<group>"; };
		77497F2424BF6F9903C8EEDC /* Pods_ParstagramApp.framework */ = {isa = PBXFileReference; explicitFileType = wrapper.framework; includeInIndex = 0; path = Pods_ParstagramApp.framework; sourceTree = BUILT_PRODUCTS_DIR; };
		8B6F6022E5B8607C4C2EB4CA /* Pods_ParstagramAppTests.framework */ = {isa = PBXFileReference; explicitFileType = wrapper.framework; includeInIndex = 0; path = Pods_ParstagramAppTests.framework; sourceTree = BUILT_PRODUCTS_DIR; };
		BF1A99493CF186E93E6B0CB4 /* Pods-ParstagramAppTests.debug.xcconfig */ = {isa = PBXFileReference; includeInIndex = 1; lastKnownFileType = text.xcconfig; name = "Pods-ParstagramAppTests.debug.xcconfig"; path = "Target Support Files/Pods-ParstagramAppTests/Pods-ParstagramAppTests.debug.xcconfig"; sourceTree = "<group>"; };
/* End PBXFileReference section */

/* Begin PBXFrameworksBuildPhase section */
		5184AC6526035697002D00C1 /* Frameworks */ = {
			isa = PBXFrameworksBuildPhase;
			buildActionMask = 2147483647;
			files = (
				C112BF3BC8A1CB23AA233845 /* Pods_ParstagramApp.framework in Frameworks */,
			);
			runOnlyForDeploymentPostprocessing = 0;
		};
		5184AC7B26035698002D00C1 /* Frameworks */ = {
			isa = PBXFrameworksBuildPhase;
			buildActionMask = 2147483647;
			files = (
				6CBBF658C5F8C277BB3EAF42 /* Pods_ParstagramAppTests.framework in Frameworks */,
			);
			runOnlyForDeploymentPostprocessing = 0;
		};
		5184AC8626035699002D00C1 /* Frameworks */ = {
			isa = PBXFrameworksBuildPhase;
			buildActionMask = 2147483647;
			files = (
				D507E1D4D60EEEFCC6E61932 /* Pods_ParstagramApp_ParstagramAppUITests.framework in Frameworks */,
			);
			runOnlyForDeploymentPostprocessing = 0;
		};
/* End PBXFrameworksBuildPhase section */

/* Begin PBXGroup section */
		5184AC5F26035697002D00C1 = {
			isa = PBXGroup;
			children = (
				5184AC6A26035697002D00C1 /* ParstagramApp */,
				5184AC8126035699002D00C1 /* ParstagramAppTests */,
				5184AC8C26035699002D00C1 /* ParstagramAppUITests */,
				5184AC6926035697002D00C1 /* Products */,
				6DB97664EDE68AFAD864B5D6 /* Pods */,
				C500CCC44AEDC8E9F1AA6583 /* Frameworks */,
			);
			sourceTree = "<group>";
		};
		5184AC6926035697002D00C1 /* Products */ = {
			isa = PBXGroup;
			children = (
				5184AC6826035697002D00C1 /* ParstagramApp.app */,
				5184AC7E26035699002D00C1 /* ParstagramAppTests.xctest */,
				5184AC8926035699002D00C1 /* ParstagramAppUITests.xctest */,
			);
			name = Products;
			sourceTree = "<group>";
		};
		5184AC6A26035697002D00C1 /* ParstagramApp */ = {
			isa = PBXGroup;
			children = (
				5184AC6B26035697002D00C1 /* AppDelegate.swift */,
				5184AC6D26035697002D00C1 /* SceneDelegate.swift */,
				5184AC7126035697002D00C1 /* Main.storyboard */,
				5184AC7426035698002D00C1 /* Assets.xcassets */,
				5184AC7626035698002D00C1 /* LaunchScreen.storyboard */,
				5184AC7926035698002D00C1 /* Info.plist */,
				5184ACB626036421002D00C1 /* LoginViewController.swift */,
				5184ACBB26036432002D00C1 /* FeedViewController.swift */,
				5184ACD226039E36002D00C1 /* CameraViewController.swift */,
				5184ACF82603E06B002D00C1 /* PostCell.swift */,
				51D86579260DFE470020F251 /* CommentCell.swift */,
			);
			path = ParstagramApp;
			sourceTree = "<group>";
		};
		5184AC8126035699002D00C1 /* ParstagramAppTests */ = {
			isa = PBXGroup;
			children = (
				5184AC8226035699002D00C1 /* ParstagramAppTests.swift */,
				5184AC8426035699002D00C1 /* Info.plist */,
			);
			path = ParstagramAppTests;
			sourceTree = "<group>";
		};
		5184AC8C26035699002D00C1 /* ParstagramAppUITests */ = {
			isa = PBXGroup;
			children = (
				5184AC8D26035699002D00C1 /* ParstagramAppUITests.swift */,
				5184AC8F26035699002D00C1 /* Info.plist */,
			);
			path = ParstagramAppUITests;
			sourceTree = "<group>";
		};
		6DB97664EDE68AFAD864B5D6 /* Pods */ = {
			isa = PBXGroup;
			children = (
				3BC82682A5AD46EB21E92C71 /* Pods-ParstagramApp.debug.xcconfig */,
				5428ACD684B6CF2B9C834BD1 /* Pods-ParstagramApp.release.xcconfig */,
				61A1C2BBF9177223AD24C4E9 /* Pods-ParstagramApp-ParstagramAppUITests.debug.xcconfig */,
				4AC92EE602EDA60A52DB7C2E /* Pods-ParstagramApp-ParstagramAppUITests.release.xcconfig */,
				BF1A99493CF186E93E6B0CB4 /* Pods-ParstagramAppTests.debug.xcconfig */,
				0B20A241DB3BB8092DD44D01 /* Pods-ParstagramAppTests.release.xcconfig */,
			);
			path = Pods;
			sourceTree = "<group>";
		};
		C500CCC44AEDC8E9F1AA6583 /* Frameworks */ = {
			isa = PBXGroup;
			children = (
				77497F2424BF6F9903C8EEDC /* Pods_ParstagramApp.framework */,
				07A271DE7F7210E5BD53A485 /* Pods_ParstagramApp_ParstagramAppUITests.framework */,
				8B6F6022E5B8607C4C2EB4CA /* Pods_ParstagramAppTests.framework */,
			);
			name = Frameworks;
			sourceTree = "<group>";
		};
/* End PBXGroup section */

/* Begin PBXNativeTarget section */
		5184AC6726035697002D00C1 /* ParstagramApp */ = {
			isa = PBXNativeTarget;
			buildConfigurationList = 5184AC9226035699002D00C1 /* Build configuration list for PBXNativeTarget "ParstagramApp" */;
			buildPhases = (
				C89354F3FE7B90607CE5F5C5 /* [CP] Check Pods Manifest.lock */,
				5184AC6426035697002D00C1 /* Sources */,
				5184AC6526035697002D00C1 /* Frameworks */,
				5184AC6626035697002D00C1 /* Resources */,
				47FED17876641A3F336C2167 /* [CP] Embed Pods Frameworks */,
			);
			buildRules = (
			);
			dependencies = (
			);
			name = ParstagramApp;
			productName = ParstagramApp;
			productReference = 5184AC6826035697002D00C1 /* ParstagramApp.app */;
			productType = "com.apple.product-type.application";
		};
		5184AC7D26035698002D00C1 /* ParstagramAppTests */ = {
			isa = PBXNativeTarget;
			buildConfigurationList = 5184AC9526035699002D00C1 /* Build configuration list for PBXNativeTarget "ParstagramAppTests" */;
			buildPhases = (
				645DD6C0EF92708EFDE57336 /* [CP] Check Pods Manifest.lock */,
				5184AC7A26035698002D00C1 /* Sources */,
				5184AC7B26035698002D00C1 /* Frameworks */,
				5184AC7C26035698002D00C1 /* Resources */,
			);
			buildRules = (
			);
			dependencies = (
				5184AC8026035699002D00C1 /* PBXTargetDependency */,
			);
			name = ParstagramAppTests;
			productName = ParstagramAppTests;
			productReference = 5184AC7E26035699002D00C1 /* ParstagramAppTests.xctest */;
			productType = "com.apple.product-type.bundle.unit-test";
		};
		5184AC8826035699002D00C1 /* ParstagramAppUITests */ = {
			isa = PBXNativeTarget;
			buildConfigurationList = 5184AC9826035699002D00C1 /* Build configuration list for PBXNativeTarget "ParstagramAppUITests" */;
			buildPhases = (
				7041AA6959906A25D016AF5D /* [CP] Check Pods Manifest.lock */,
				5184AC8526035699002D00C1 /* Sources */,
				5184AC8626035699002D00C1 /* Frameworks */,
				5184AC8726035699002D00C1 /* Resources */,
				F3036A65406AB4F00F4A8BD2 /* [CP] Embed Pods Frameworks */,
			);
			buildRules = (
			);
			dependencies = (
				5184AC8B26035699002D00C1 /* PBXTargetDependency */,
			);
			name = ParstagramAppUITests;
			productName = ParstagramAppUITests;
			productReference = 5184AC8926035699002D00C1 /* ParstagramAppUITests.xctest */;
			productType = "com.apple.product-type.bundle.ui-testing";
		};
/* End PBXNativeTarget section */

/* Begin PBXProject section */
		5184AC6026035697002D00C1 /* Project object */ = {
			isa = PBXProject;
			attributes = {
				LastSwiftUpdateCheck = 1240;
				LastUpgradeCheck = 1240;
				TargetAttributes = {
					5184AC6726035697002D00C1 = {
						CreatedOnToolsVersion = 12.4;
					};
					5184AC7D26035698002D00C1 = {
						CreatedOnToolsVersion = 12.4;
						TestTargetID = 5184AC6726035697002D00C1;
					};
					5184AC8826035699002D00C1 = {
						CreatedOnToolsVersion = 12.4;
						TestTargetID = 5184AC6726035697002D00C1;
					};
				};
			};
			buildConfigurationList = 5184AC6326035697002D00C1 /* Build configuration list for PBXProject "ParstagramApp" */;
			compatibilityVersion = "Xcode 9.3";
			developmentRegion = en;
			hasScannedForEncodings = 0;
			knownRegions = (
				en,
				Base,
			);
			mainGroup = 5184AC5F26035697002D00C1;
			productRefGroup = 5184AC6926035697002D00C1 /* Products */;
			projectDirPath = "";
			projectRoot = "";
			targets = (
				5184AC6726035697002D00C1 /* ParstagramApp */,
				5184AC7D26035698002D00C1 /* ParstagramAppTests */,
				5184AC8826035699002D00C1 /* ParstagramAppUITests */,
			);
		};
/* End PBXProject section */

/* Begin PBXResourcesBuildPhase section */
		5184AC6626035697002D00C1 /* Resources */ = {
			isa = PBXResourcesBuildPhase;
			buildActionMask = 2147483647;
			files = (
				5184AC7826035698002D00C1 /* LaunchScreen.storyboard in Resources */,
				5184AC7526035698002D00C1 /* Assets.xcassets in Resources */,
				5184AC7326035697002D00C1 /* Main.storyboard in Resources */,
			);
			runOnlyForDeploymentPostprocessing = 0;
		};
		5184AC7C26035698002D00C1 /* Resources */ = {
			isa = PBXResourcesBuildPhase;
			buildActionMask = 2147483647;
			files = (
			);
			runOnlyForDeploymentPostprocessing = 0;
		};
		5184AC8726035699002D00C1 /* Resources */ = {
			isa = PBXResourcesBuildPhase;
			buildActionMask = 2147483647;
			files = (
			);
			runOnlyForDeploymentPostprocessing = 0;
		};
/* End PBXResourcesBuildPhase section */

/* Begin PBXShellScriptBuildPhase section */
		47FED17876641A3F336C2167 /* [CP] Embed Pods Frameworks */ = {
			isa = PBXShellScriptBuildPhase;
			buildActionMask = 2147483647;
			files = (
			);
			inputFileListPaths = (
				"${PODS_ROOT}/Target Support Files/Pods-ParstagramApp/Pods-ParstagramApp-frameworks-${CONFIGURATION}-input-files.xcfilelist",
			);
			name = "[CP] Embed Pods Frameworks";
			outputFileListPaths = (
				"${PODS_ROOT}/Target Support Files/Pods-ParstagramApp/Pods-ParstagramApp-frameworks-${CONFIGURATION}-output-files.xcfilelist",
			);
			runOnlyForDeploymentPostprocessing = 0;
			shellPath = /bin/sh;
			shellScript = "\"${PODS_ROOT}/Target Support Files/Pods-ParstagramApp/Pods-ParstagramApp-frameworks.sh\"\n";
			showEnvVarsInLog = 0;
		};
		645DD6C0EF92708EFDE57336 /* [CP] Check Pods Manifest.lock */ = {
			isa = PBXShellScriptBuildPhase;
			buildActionMask = 2147483647;
			files = (
			);
			inputFileListPaths = (
			);
			inputPaths = (
				"${PODS_PODFILE_DIR_PATH}/Podfile.lock",
				"${PODS_ROOT}/Manifest.lock",
			);
			name = "[CP] Check Pods Manifest.lock";
			outputFileListPaths = (
			);
			outputPaths = (
				"$(DERIVED_FILE_DIR)/Pods-ParstagramAppTests-checkManifestLockResult.txt",
			);
			runOnlyForDeploymentPostprocessing = 0;
			shellPath = /bin/sh;
			shellScript = "diff \"${PODS_PODFILE_DIR_PATH}/Podfile.lock\" \"${PODS_ROOT}/Manifest.lock\" > /dev/null\nif [ $? != 0 ] ; then\n    # print error to STDERR\n    echo \"error: The sandbox is not in sync with the Podfile.lock. Run 'pod install' or update your CocoaPods installation.\" >&2\n    exit 1\nfi\n# This output is used by Xcode 'outputs' to avoid re-running this script phase.\necho \"SUCCESS\" > \"${SCRIPT_OUTPUT_FILE_0}\"\n";
			showEnvVarsInLog = 0;
		};
		7041AA6959906A25D016AF5D /* [CP] Check Pods Manifest.lock */ = {
			isa = PBXShellScriptBuildPhase;
			buildActionMask = 2147483647;
			files = (
			);
			inputFileListPaths = (
			);
			inputPaths = (
				"${PODS_PODFILE_DIR_PATH}/Podfile.lock",
				"${PODS_ROOT}/Manifest.lock",
			);
			name = "[CP] Check Pods Manifest.lock";
			outputFileListPaths = (
			);
			outputPaths = (
				"$(DERIVED_FILE_DIR)/Pods-ParstagramApp-ParstagramAppUITests-checkManifestLockResult.txt",
			);
			runOnlyForDeploymentPostprocessing = 0;
			shellPath = /bin/sh;
			shellScript = "diff \"${PODS_PODFILE_DIR_PATH}/Podfile.lock\" \"${PODS_ROOT}/Manifest.lock\" > /dev/null\nif [ $? != 0 ] ; then\n    # print error to STDERR\n    echo \"error: The sandbox is not in sync with the Podfile.lock. Run 'pod install' or update your CocoaPods installation.\" >&2\n    exit 1\nfi\n# This output is used by Xcode 'outputs' to avoid re-running this script phase.\necho \"SUCCESS\" > \"${SCRIPT_OUTPUT_FILE_0}\"\n";
			showEnvVarsInLog = 0;
		};
		C89354F3FE7B90607CE5F5C5 /* [CP] Check Pods Manifest.lock */ = {
			isa = PBXShellScriptBuildPhase;
			buildActionMask = 2147483647;
			files = (
			);
			inputFileListPaths = (
			);
			inputPaths = (
				"${PODS_PODFILE_DIR_PATH}/Podfile.lock",
				"${PODS_ROOT}/Manifest.lock",
			);
			name = "[CP] Check Pods Manifest.lock";
			outputFileListPaths = (
			);
			outputPaths = (
				"$(DERIVED_FILE_DIR)/Pods-ParstagramApp-checkManifestLockResult.txt",
			);
			runOnlyForDeploymentPostprocessing = 0;
			shellPath = /bin/sh;
			shellScript = "diff \"${PODS_PODFILE_DIR_PATH}/Podfile.lock\" \"${PODS_ROOT}/Manifest.lock\" > /dev/null\nif [ $? != 0 ] ; then\n    # print error to STDERR\n    echo \"error: The sandbox is not in sync with the Podfile.lock. Run 'pod install' or update your CocoaPods installation.\" >&2\n    exit 1\nfi\n# This output is used by Xcode 'outputs' to avoid re-running this script phase.\necho \"SUCCESS\" > \"${SCRIPT_OUTPUT_FILE_0}\"\n";
			showEnvVarsInLog = 0;
		};
		F3036A65406AB4F00F4A8BD2 /* [CP] Embed Pods Frameworks */ = {
			isa = PBXShellScriptBuildPhase;
			buildActionMask = 2147483647;
			files = (
			);
			inputFileListPaths = (
				"${PODS_ROOT}/Target Support Files/Pods-ParstagramApp-ParstagramAppUITests/Pods-ParstagramApp-ParstagramAppUITests-frameworks-${CONFIGURATION}-input-files.xcfilelist",
			);
			name = "[CP] Embed Pods Frameworks";
			outputFileListPaths = (
				"${PODS_ROOT}/Target Support Files/Pods-ParstagramApp-ParstagramAppUITests/Pods-ParstagramApp-ParstagramAppUITests-frameworks-${CONFIGURATION}-output-files.xcfilelist",
			);
			runOnlyForDeploymentPostprocessing = 0;
			shellPath = /bin/sh;
			shellScript = "\"${PODS_ROOT}/Target Support Files/Pods-ParstagramApp-ParstagramAppUITests/Pods-ParstagramApp-ParstagramAppUITests-frameworks.sh\"\n";
			showEnvVarsInLog = 0;
		};
/* End PBXShellScriptBuildPhase section */

/* Begin PBXSourcesBuildPhase section */
		5184AC6426035697002D00C1 /* Sources */ = {
			isa = PBXSourcesBuildPhase;
			buildActionMask = 2147483647;
			files = (
				5184ACB726036421002D00C1 /* LoginViewController.swift in Sources */,
				5184ACD326039E36002D00C1 /* CameraViewController.swift in Sources */,
				5184AC6C26035697002D00C1 /* AppDelegate.swift in Sources */,
				5184ACBC26036432002D00C1 /* FeedViewController.swift in Sources */,
				5184AC6E26035697002D00C1 /* SceneDelegate.swift in Sources */,
				5184ACF92603E06B002D00C1 /* PostCell.swift in Sources */,
				51D8657A260DFE470020F251 /* CommentCell.swift in Sources */,
			);
			runOnlyForDeploymentPostprocessing = 0;
		};
		5184AC7A26035698002D00C1 /* Sources */ = {
			isa = PBXSourcesBuildPhase;
			buildActionMask = 2147483647;
			files = (
				5184AC8326035699002D00C1 /* ParstagramAppTests.swift in Sources */,
			);
			runOnlyForDeploymentPostprocessing = 0;
		};
		5184AC8526035699002D00C1 /* Sources */ = {
			isa = PBXSourcesBuildPhase;
			buildActionMask = 2147483647;
			files = (
				5184AC8E26035699002D00C1 /* ParstagramAppUITests.swift in Sources */,
			);
			runOnlyForDeploymentPostprocessing = 0;
		};
/* End PBXSourcesBuildPhase section */

/* Begin PBXTargetDependency section */
		5184AC8026035699002D00C1 /* PBXTargetDependency */ = {
			isa = PBXTargetDependency;
			target = 5184AC6726035697002D00C1 /* ParstagramApp */;
			targetProxy = 5184AC7F26035699002D00C1 /* PBXContainerItemProxy */;
		};
		5184AC8B26035699002D00C1 /* PBXTargetDependency */ = {
			isa = PBXTargetDependency;
			target = 5184AC6726035697002D00C1 /* ParstagramApp */;
			targetProxy = 5184AC8A26035699002D00C1 /* PBXContainerItemProxy */;
		};
/* End PBXTargetDependency section */

/* Begin PBXVariantGroup section */
		5184AC7126035697002D00C1 /* Main.storyboard */ = {
			isa = PBXVariantGroup;
			children = (
				5184AC7226035697002D00C1 /* Base */,
			);
			name = Main.storyboard;
			sourceTree = "<group>";
		};
		5184AC7626035698002D00C1 /* LaunchScreen.storyboard */ = {
			isa = PBXVariantGroup;
			children = (
				5184AC7726035698002D00C1 /* Base */,
			);
			name = LaunchScreen.storyboard;
			sourceTree = "<group>";
		};
/* End PBXVariantGroup section */

/* Begin XCBuildConfiguration section */
		5184AC9026035699002D00C1 /* Debug */ = {
			isa = XCBuildConfiguration;
			buildSettings = {
				ALWAYS_SEARCH_USER_PATHS = NO;
				CLANG_ANALYZER_NONNULL = YES;
				CLANG_ANALYZER_NUMBER_OBJECT_CONVERSION = YES_AGGRESSIVE;
				CLANG_CXX_LANGUAGE_STANDARD = "gnu++14";
				CLANG_CXX_LIBRARY = "libc++";
				CLANG_ENABLE_MODULES = YES;
				CLANG_ENABLE_OBJC_ARC = YES;
				CLANG_ENABLE_OBJC_WEAK = YES;
				CLANG_WARN_BLOCK_CAPTURE_AUTORELEASING = YES;
				CLANG_WARN_BOOL_CONVERSION = YES;
				CLANG_WARN_COMMA = YES;
				CLANG_WARN_CONSTANT_CONVERSION = YES;
				CLANG_WARN_DEPRECATED_OBJC_IMPLEMENTATIONS = YES;
				CLANG_WARN_DIRECT_OBJC_ISA_USAGE = YES_ERROR;
				CLANG_WARN_DOCUMENTATION_COMMENTS = YES;
				CLANG_WARN_EMPTY_BODY = YES;
				CLANG_WARN_ENUM_CONVERSION = YES;
				CLANG_WARN_INFINITE_RECURSION = YES;
				CLANG_WARN_INT_CONVERSION = YES;
				CLANG_WARN_NON_LITERAL_NULL_CONVERSION = YES;
				CLANG_WARN_OBJC_IMPLICIT_RETAIN_SELF = YES;
				CLANG_WARN_OBJC_LITERAL_CONVERSION = YES;
				CLANG_WARN_OBJC_ROOT_CLASS = YES_ERROR;
				CLANG_WARN_QUOTED_INCLUDE_IN_FRAMEWORK_HEADER = YES;
				CLANG_WARN_RANGE_LOOP_ANALYSIS = YES;
				CLANG_WARN_STRICT_PROTOTYPES = YES;
				CLANG_WARN_SUSPICIOUS_MOVE = YES;
				CLANG_WARN_UNGUARDED_AVAILABILITY = YES_AGGRESSIVE;
				CLANG_WARN_UNREACHABLE_CODE = YES;
				CLANG_WARN__DUPLICATE_METHOD_MATCH = YES;
				COPY_PHASE_STRIP = NO;
				DEBUG_INFORMATION_FORMAT = dwarf;
				ENABLE_STRICT_OBJC_MSGSEND = YES;
				ENABLE_TESTABILITY = YES;
				GCC_C_LANGUAGE_STANDARD = gnu11;
				GCC_DYNAMIC_NO_PIC = NO;
				GCC_NO_COMMON_BLOCKS = YES;
				GCC_OPTIMIZATION_LEVEL = 0;
				GCC_PREPROCESSOR_DEFINITIONS = (
					"DEBUG=1",
					"$(inherited)",
				);
				GCC_WARN_64_TO_32_BIT_CONVERSION = YES;
				GCC_WARN_ABOUT_RETURN_TYPE = YES_ERROR;
				GCC_WARN_UNDECLARED_SELECTOR = YES;
				GCC_WARN_UNINITIALIZED_AUTOS = YES_AGGRESSIVE;
				GCC_WARN_UNUSED_FUNCTION = YES;
				GCC_WARN_UNUSED_VARIABLE = YES;
				IPHONEOS_DEPLOYMENT_TARGET = 14.4;
				MTL_ENABLE_DEBUG_INFO = INCLUDE_SOURCE;
				MTL_FAST_MATH = YES;
				ONLY_ACTIVE_ARCH = YES;
				SDKROOT = iphoneos;
				SWIFT_ACTIVE_COMPILATION_CONDITIONS = DEBUG;
				SWIFT_OPTIMIZATION_LEVEL = "-Onone";
			};
			name = Debug;
		};
		5184AC9126035699002D00C1 /* Release */ = {
			isa = XCBuildConfiguration;
			buildSettings = {
				ALWAYS_SEARCH_USER_PATHS = NO;
				CLANG_ANALYZER_NONNULL = YES;
				CLANG_ANALYZER_NUMBER_OBJECT_CONVERSION = YES_AGGRESSIVE;
				CLANG_CXX_LANGUAGE_STANDARD = "gnu++14";
				CLANG_CXX_LIBRARY = "libc++";
				CLANG_ENABLE_MODULES = YES;
				CLANG_ENABLE_OBJC_ARC = YES;
				CLANG_ENABLE_OBJC_WEAK = YES;
				CLANG_WARN_BLOCK_CAPTURE_AUTORELEASING = YES;
				CLANG_WARN_BOOL_CONVERSION = YES;
				CLANG_WARN_COMMA = YES;
				CLANG_WARN_CONSTANT_CONVERSION = YES;
				CLANG_WARN_DEPRECATED_OBJC_IMPLEMENTATIONS = YES;
				CLANG_WARN_DIRECT_OBJC_ISA_USAGE = YES_ERROR;
				CLANG_WARN_DOCUMENTATION_COMMENTS = YES;
				CLANG_WARN_EMPTY_BODY = YES;
				CLANG_WARN_ENUM_CONVERSION = YES;
				CLANG_WARN_INFINITE_RECURSION = YES;
				CLANG_WARN_INT_CONVERSION = YES;
				CLANG_WARN_NON_LITERAL_NULL_CONVERSION = YES;
				CLANG_WARN_OBJC_IMPLICIT_RETAIN_SELF = YES;
				CLANG_WARN_OBJC_LITERAL_CONVERSION = YES;
				CLANG_WARN_OBJC_ROOT_CLASS = YES_ERROR;
				CLANG_WARN_QUOTED_INCLUDE_IN_FRAMEWORK_HEADER = YES;
				CLANG_WARN_RANGE_LOOP_ANALYSIS = YES;
				CLANG_WARN_STRICT_PROTOTYPES = YES;
				CLANG_WARN_SUSPICIOUS_MOVE = YES;
				CLANG_WARN_UNGUARDED_AVAILABILITY = YES_AGGRESSIVE;
				CLANG_WARN_UNREACHABLE_CODE = YES;
				CLANG_WARN__DUPLICATE_METHOD_MATCH = YES;
				COPY_PHASE_STRIP = NO;
				DEBUG_INFORMATION_FORMAT = "dwarf-with-dsym";
				ENABLE_NS_ASSERTIONS = NO;
				ENABLE_STRICT_OBJC_MSGSEND = YES;
				GCC_C_LANGUAGE_STANDARD = gnu11;
				GCC_NO_COMMON_BLOCKS = YES;
				GCC_WARN_64_TO_32_BIT_CONVERSION = YES;
				GCC_WARN_ABOUT_RETURN_TYPE = YES_ERROR;
				GCC_WARN_UNDECLARED_SELECTOR = YES;
				GCC_WARN_UNINITIALIZED_AUTOS = YES_AGGRESSIVE;
				GCC_WARN_UNUSED_FUNCTION = YES;
				GCC_WARN_UNUSED_VARIABLE = YES;
				IPHONEOS_DEPLOYMENT_TARGET = 14.4;
				MTL_ENABLE_DEBUG_INFO = NO;
				MTL_FAST_MATH = YES;
				SDKROOT = iphoneos;
				SWIFT_COMPILATION_MODE = wholemodule;
				SWIFT_OPTIMIZATION_LEVEL = "-O";
				VALIDATE_PRODUCT = YES;
			};
			name = Release;
		};
		5184AC9326035699002D00C1 /* Debug */ = {
			isa = XCBuildConfiguration;
			baseConfigurationReference = 3BC82682A5AD46EB21E92C71 /* Pods-ParstagramApp.debug.xcconfig */;
			buildSettings = {
				ASSETCATALOG_COMPILER_APPICON_NAME = AppIcon;
				ASSETCATALOG_COMPILER_GLOBAL_ACCENT_COLOR_NAME = AccentColor;
				CODE_SIGN_STYLE = Automatic;
				DEVELOPMENT_TEAM = KA23745ZFM;
				INFOPLIST_FILE = ParstagramApp/Info.plist;
				LD_RUNPATH_SEARCH_PATHS = (
					"$(inherited)",
					"@executable_path/Frameworks",
				);
				PRODUCT_BUNDLE_IDENTIFIER = Senuda29.ParstagramApp;
				PRODUCT_NAME = "$(TARGET_NAME)";
				SWIFT_VERSION = 5.0;
				TARGETED_DEVICE_FAMILY = "1,2";
			};
			name = Debug;
		};
		5184AC9426035699002D00C1 /* Release */ = {
			isa = XCBuildConfiguration;
			baseConfigurationReference = 5428ACD684B6CF2B9C834BD1 /* Pods-ParstagramApp.release.xcconfig */;
			buildSettings = {
				ASSETCATALOG_COMPILER_APPICON_NAME = AppIcon;
				ASSETCATALOG_COMPILER_GLOBAL_ACCENT_COLOR_NAME = AccentColor;
				CODE_SIGN_STYLE = Automatic;
				DEVELOPMENT_TEAM = KA23745ZFM;
				INFOPLIST_FILE = ParstagramApp/Info.plist;
				LD_RUNPATH_SEARCH_PATHS = (
					"$(inherited)",
					"@executable_path/Frameworks",
				);
				PRODUCT_BUNDLE_IDENTIFIER = Senuda29.ParstagramApp;
				PRODUCT_NAME = "$(TARGET_NAME)";
				SWIFT_VERSION = 5.0;
				TARGETED_DEVICE_FAMILY = "1,2";
			};
			name = Release;
		};
		5184AC9626035699002D00C1 /* Debug */ = {
			isa = XCBuildConfiguration;
			baseConfigurationReference = BF1A99493CF186E93E6B0CB4 /* Pods-ParstagramAppTests.debug.xcconfig */;
			buildSettings = {
				ALWAYS_EMBED_SWIFT_STANDARD_LIBRARIES = YES;
				BUNDLE_LOADER = "$(TEST_HOST)";
				CODE_SIGN_STYLE = Automatic;
				INFOPLIST_FILE = ParstagramAppTests/Info.plist;
				IPHONEOS_DEPLOYMENT_TARGET = 14.4;
				LD_RUNPATH_SEARCH_PATHS = (
					"$(inherited)",
					"@executable_path/Frameworks",
					"@loader_path/Frameworks",
				);
				PRODUCT_BUNDLE_IDENTIFIER = Senuda29.ParstagramAppTests;
				PRODUCT_NAME = "$(TARGET_NAME)";
				SWIFT_VERSION = 5.0;
				TARGETED_DEVICE_FAMILY = "1,2";
				TEST_HOST = "$(BUILT_PRODUCTS_DIR)/ParstagramApp.app/ParstagramApp";
			};
			name = Debug;
		};
		5184AC9726035699002D00C1 /* Release */ = {
			isa = XCBuildConfiguration;
			baseConfigurationReference = 0B20A241DB3BB8092DD44D01 /* Pods-ParstagramAppTests.release.xcconfig */;
			buildSettings = {
				ALWAYS_EMBED_SWIFT_STANDARD_LIBRARIES = YES;
				BUNDLE_LOADER = "$(TEST_HOST)";
				CODE_SIGN_STYLE = Automatic;
				INFOPLIST_FILE = ParstagramAppTests/Info.plist;
				IPHONEOS_DEPLOYMENT_TARGET = 14.4;
				LD_RUNPATH_SEARCH_PATHS = (
					"$(inherited)",
					"@executable_path/Frameworks",
					"@loader_path/Frameworks",
				);
				PRODUCT_BUNDLE_IDENTIFIER = Senuda29.ParstagramAppTests;
				PRODUCT_NAME = "$(TARGET_NAME)";
				SWIFT_VERSION = 5.0;
				TARGETED_DEVICE_FAMILY = "1,2";
				TEST_HOST = "$(BUILT_PRODUCTS_DIR)/ParstagramApp.app/ParstagramApp";
			};
			name = Release;
		};
		5184AC9926035699002D00C1 /* Debug */ = {
			isa = XCBuildConfiguration;
			baseConfigurationReference = 61A1C2BBF9177223AD24C4E9 /* Pods-ParstagramApp-ParstagramAppUITests.debug.xcconfig */;
			buildSettings = {
				ALWAYS_EMBED_SWIFT_STANDARD_LIBRARIES = YES;
				CODE_SIGN_STYLE = Automatic;
				INFOPLIST_FILE = ParstagramAppUITests/Info.plist;
				LD_RUNPATH_SEARCH_PATHS = (
					"$(inherited)",
					"@executable_path/Frameworks",
					"@loader_path/Frameworks",
				);
				PRODUCT_BUNDLE_IDENTIFIER = Senuda29.ParstagramAppUITests;
				PRODUCT_NAME = "$(TARGET_NAME)";
				SWIFT_VERSION = 5.0;
				TARGETED_DEVICE_FAMILY = "1,2";
				TEST_TARGET_NAME = ParstagramApp;
			};
			name = Debug;
		};
		5184AC9A26035699002D00C1 /* Release */ = {
			isa = XCBuildConfiguration;
			baseConfigurationReference = 4AC92EE602EDA60A52DB7C2E /* Pods-ParstagramApp-ParstagramAppUITests.release.xcconfig */;
			buildSettings = {
				ALWAYS_EMBED_SWIFT_STANDARD_LIBRARIES = YES;
				CODE_SIGN_STYLE = Automatic;
				INFOPLIST_FILE = ParstagramAppUITests/Info.plist;
				LD_RUNPATH_SEARCH_PATHS = (
					"$(inherited)",
					"@executable_path/Frameworks",
					"@loader_path/Frameworks",
				);
				PRODUCT_BUNDLE_IDENTIFIER = Senuda29.ParstagramAppUITests;
				PRODUCT_NAME = "$(TARGET_NAME)";
				SWIFT_VERSION = 5.0;
				TARGETED_DEVICE_FAMILY = "1,2";
				TEST_TARGET_NAME = ParstagramApp;
			};
			name = Release;
		};
/* End XCBuildConfiguration section */

/* Begin XCConfigurationList section */
		5184AC6326035697002D00C1 /* Build configuration list for PBXProject "ParstagramApp" */ = {
			isa = XCConfigurationList;
			buildConfigurations = (
				5184AC9026035699002D00C1 /* Debug */,
				5184AC9126035699002D00C1 /* Release */,
			);
			defaultConfigurationIsVisible = 0;
			defaultConfigurationName = Release;
		};
		5184AC9226035699002D00C1 /* Build configuration list for PBXNativeTarget "ParstagramApp" */ = {
			isa = XCConfigurationList;
			buildConfigurations = (
				5184AC9326035699002D00C1 /* Debug */,
				5184AC9426035699002D00C1 /* Release */,
			);
			defaultConfigurationIsVisible = 0;
			defaultConfigurationName = Release;
		};
		5184AC9526035699002D00C1 /* Build configuration list for PBXNativeTarget "ParstagramAppTests" */ = {
			isa = XCConfigurationList;
			buildConfigurations = (
				5184AC9626035699002D00C1 /* Debug */,
				5184AC9726035699002D00C1 /* Release */,
			);
			defaultConfigurationIsVisible = 0;
			defaultConfigurationName = Release;
		};
		5184AC9826035699002D00C1 /* Build configuration list for PBXNativeTarget "ParstagramAppUITests" */ = {
			isa = XCConfigurationList;
			buildConfigurations = (
				5184AC9926035699002D00C1 /* Debug */,
				5184AC9A26035699002D00C1 /* Release */,
			);
			defaultConfigurationIsVisible = 0;
			defaultConfigurationName = Release;
		};
/* End XCConfigurationList section */
	};
	rootObject = 5184AC6026035697002D00C1 /* Project object */;
}
